
Microsoft Visual Studio Solution File, Format Version 12.00
# Visual Studio 15
VisualStudioVersion = 15.0.26124.0
MinimumVisualStudioVersion = 15.0.26124.0
Project("{2150E333-8FDC-42A3-9474-1A3956D46DE8}") = "src", "src", "{08BADBA1-3AF0-4223-A394-6899080D989F}"
EndProject
Project("{FAE04EC0-301F-11D3-BF4B-00C04F79EFBC}") = "StockDashboardBackend", "src\StockDashboardBackend\StockDashboardBackend.csproj", "{8405EA04-39E7-4F06-9D86-9C1E38DEBE08}"
EndProject
Project("{2150E333-8FDC-42A3-9474-1A3956D46DE8}") = "tests", "tests", "{F939D55F-0C0D-4A94-81BE-E6674E292160}"
EndProject
Project("{FAE04EC0-301F-11D3-BF4B-00C04F79EFBC}") = "StockDashboardBackendTests", "tests\StockDashboardBackendTests\StockDashboardBackendTests.csproj", "{34C1D26C-65F9-438A-A3BA-C1D742DA72E5}"
EndProject
Project("{FAE04EC0-301F-11D3-BF4B-00C04F79EFBC}") = "AWSStockDashboardCore", "src\AWSStockDashboardCore\AWSStockDashboardCore.csproj", "{A261ECB3-47AC-4DA3-A661-EA417E003852}"
EndProject
Global
	GlobalSection(SolutionConfigurationPlatforms) = preSolution
		Debug|Any CPU = Debug|Any CPU
		Debug|x64 = Debug|x64
		Debug|x86 = Debug|x86
		Release|Any CPU = Release|Any CPU
		Release|x64 = Release|x64
		Release|x86 = Release|x86
	EndGlobalSection
	GlobalSection(SolutionProperties) = preSolution
		HideSolutionNode = FALSE
	EndGlobalSection
	GlobalSection(ProjectConfigurationPlatforms) = postSolution
		{8405EA04-39E7-4F06-9D86-9C1E38DEBE08}.Debug|Any CPU.ActiveCfg = Debug|Any CPU
		{8405EA04-39E7-4F06-9D86-9C1E38DEBE08}.Debug|Any CPU.Build.0 = Debug|Any CPU
		{8405EA04-39E7-4F06-9D86-9C1E38DEBE08}.Debug|x64.ActiveCfg = Debug|Any CPU
		{8405EA04-39E7-4F06-9D86-9C1E38DEBE08}.Debug|x64.Build.0 = Debug|Any CPU
		{8405EA04-39E7-4F06-9D86-9C1E38DEBE08}.Debug|x86.ActiveCfg = Debug|Any CPU
		{8405EA04-39E7-4F06-9D86-9C1E38DEBE08}.Debug|x86.Build.0 = Debug|Any CPU
		{8405EA04-39E7-4F06-9D86-9C1E38DEBE08}.Release|Any CPU.ActiveCfg = Release|Any CPU
		{8405EA04-39E7-4F06-9D86-9C1E38DEBE08}.Release|Any CPU.Build.0 = Release|Any CPU
		{8405EA04-39E7-4F06-9D86-9C1E38DEBE08}.Release|x64.ActiveCfg = Release|Any CPU
		{8405EA04-39E7-4F06-9D86-9C1E38DEBE08}.Release|x64.Build.0 = Release|Any CPU
		{8405EA04-39E7-4F06-9D86-9C1E38DEBE08}.Release|x86.ActiveCfg = Release|Any CPU
		{8405EA04-39E7-4F06-9D86-9C1E38DEBE08}.Release|x86.Build.0 = Release|Any CPU
		{34C1D26C-65F9-438A-A3BA-C1D742DA72E5}.Debug|Any CPU.ActiveCfg = Debug|Any CPU
		{34C1D26C-65F9-438A-A3BA-C1D742DA72E5}.Debug|Any CPU.Build.0 = Debug|Any CPU
		{34C1D26C-65F9-438A-A3BA-C1D742DA72E5}.Debug|x64.ActiveCfg = Debug|Any CPU
		{34C1D26C-65F9-438A-A3BA-C1D742DA72E5}.Debug|x64.Build.0 = Debug|Any CPU
		{34C1D26C-65F9-438A-A3BA-C1D742DA72E5}.Debug|x86.ActiveCfg = Debug|Any CPU
		{34C1D26C-65F9-438A-A3BA-C1D742DA72E5}.Debug|x86.Build.0 = Debug|Any CPU
		{34C1D26C-65F9-438A-A3BA-C1D742DA72E5}.Release|Any CPU.ActiveCfg = Release|Any CPU
		{34C1D26C-65F9-438A-A3BA-C1D742DA72E5}.Release|Any CPU.Build.0 = Release|Any CPU
		{34C1D26C-65F9-438A-A3BA-C1D742DA72E5}.Release|x64.ActiveCfg = Release|Any CPU
		{34C1D26C-65F9-438A-A3BA-C1D742DA72E5}.Release|x64.Build.0 = Release|Any CPU
		{34C1D26C-65F9-438A-A3BA-C1D742DA72E5}.Release|x86.ActiveCfg = Release|Any CPU
		{34C1D26C-65F9-438A-A3BA-C1D742DA72E5}.Release|x86.Build.0 = Release|Any CPU
		{A261ECB3-47AC-4DA3-A661-EA417E003852}.Debug|Any CPU.ActiveCfg = Debug|Any CPU
		{A261ECB3-47AC-4DA3-A661-EA417E003852}.Debug|Any CPU.Build.0 = Debug|Any CPU
		{A261ECB3-47AC-4DA3-A661-EA417E003852}.Debug|x64.ActiveCfg = Debug|Any CPU
		{A261ECB3-47AC-4DA3-A661-EA417E003852}.Debug|x64.Build.0 = Debug|Any CPU
		{A261ECB3-47AC-4DA3-A661-EA417E003852}.Debug|x86.ActiveCfg = Debug|Any CPU
		{A261ECB3-47AC-4DA3-A661-EA417E003852}.Debug|x86.Build.0 = Debug|Any CPU
		{A261ECB3-47AC-4DA3-A661-EA417E003852}.Release|Any CPU.ActiveCfg = Release|Any CPU
		{A261ECB3-47AC-4DA3-A661-EA417E003852}.Release|Any CPU.Build.0 = Release|Any CPU
		{A261ECB3-47AC-4DA3-A661-EA417E003852}.Release|x64.ActiveCfg = Release|Any CPU
		{A261ECB3-47AC-4DA3-A661-EA417E003852}.Release|x64.Build.0 = Release|Any CPU
		{A261ECB3-47AC-4DA3-A661-EA417E003852}.Release|x86.ActiveCfg = Release|Any CPU
		{A261ECB3-47AC-4DA3-A661-EA417E003852}.Release|x86.Build.0 = Release|Any CPU
	EndGlobalSection
	GlobalSection(NestedProjects) = preSolution
		{8405EA04-39E7-4F06-9D86-9C1E38DEBE08} = {08BADBA1-3AF0-4223-A394-6899080D989F}
		{34C1D26C-65F9-438A-A3BA-C1D742DA72E5} = {F939D55F-0C0D-4A94-81BE-E6674E292160}
		{A261ECB3-47AC-4DA3-A661-EA417E003852} = {08BADBA1-3AF0-4223-A394-6899080D989F}
	EndGlobalSection
EndGlobal
